
Microsoft Visual Studio Solution File, Format Version 12.00
# Visual Studio Version 17
VisualStudioVersion = 17.4.33403.182
MinimumVisualStudioVersion = 10.0.40219.1
Project("{FAE04EC0-301F-11D3-BF4B-00C04F79EFBC}") = "WebApi", "WebApi\WebApi.csproj", "{C1CCD335-2943-4003-8C85-C9FE56DD0CE8}"
EndProject
Global
	GlobalSection(SolutionConfigurationPlatforms) = preSolution
		Debug|Any CPU = Debug|Any CPU
		Release|Any CPU = Release|Any CPU
	EndGlobalSection
	GlobalSection(ProjectConfigurationPlatforms) = postSolution
		{C1CCD335-2943-4003-8C85-C9FE56DD0CE8}.Debug|Any CPU.ActiveCfg = Debug|Any CPU
		{C1CCD335-2943-4003-8C85-C9FE56DD0CE8}.Debug|Any CPU.Build.0 = Debug|Any CPU
		{C1CCD335-2943-4003-8C85-C9FE56DD0CE8}.Release|Any CPU.ActiveCfg = Release|Any CPU
		{C1CCD335-2943-4003-8C85-C9FE56DD0CE8}.Release|Any CPU.Build.0 = Release|Any CPU
	EndGlobalSection
	GlobalSection(SolutionProperties) = preSolution
		HideSolutionNode = FALSE
	EndGlobalSection
	GlobalSection(ExtensibilityGlobals) = postSolution
		SolutionGuid = {727F1698-B0A4-4083-9BC0-E55F4ABBBA59}
	EndGlobalSection
EndGlobal
